
Microsoft Visual Studio Solution File, Format Version 12.00
# Visual Studio Version 16
VisualStudioVersion = 16.0.31911.196
MinimumVisualStudioVersion = 10.0.40219.1
Project("{FAE04EC0-301F-11D3-BF4B-00C04F79EFBC}") = "mod03", "mod03\mod03.csproj", "{A74D5CAB-1D16-428A-9813-6CCF074DC2BF}"
EndProject
Global
	GlobalSection(SolutionConfigurationPlatforms) = preSolution
		Debug|Any CPU = Debug|Any CPU
		Release|Any CPU = Release|Any CPU
	EndGlobalSection
	GlobalSection(ProjectConfigurationPlatforms) = postSolution
		{A74D5CAB-1D16-428A-9813-6CCF074DC2BF}.Debug|Any CPU.ActiveCfg = Debug|Any CPU
		{A74D5CAB-1D16-428A-9813-6CCF074DC2BF}.Debug|Any CPU.Build.0 = Debug|Any CPU
		{A74D5CAB-1D16-428A-9813-6CCF074DC2BF}.Release|Any CPU.ActiveCfg = Release|Any CPU
		{A74D5CAB-1D16-428A-9813-6CCF074DC2BF}.Release|Any CPU.Build.0 = Release|Any CPU
	EndGlobalSection
	GlobalSection(SolutionProperties) = preSolution
		HideSolutionNode = FALSE
	EndGlobalSection
	GlobalSection(ExtensibilityGlobals) = postSolution
		SolutionGuid = {7F9291E1-AE22-4818-A8AF-DA8964B34CF0}
	EndGlobalSection
EndGlobal
